# This file is automatically @generated by Cargo.
# It is not intended for manual editing.
version = 4

[[package]]
name = "quorra"
version = "0.1.0"
dependencies = [
 "quorra-gpu",
 "quorra-scene",
]

[[package]]
name = "quorra-gpu"
version = "0.1.0"

[[package]]
name = "quorra-scene"
version = "0.1.0"
